// !$*UTF8*$!
{
	archiveVersion = 1;
	classes = {
	};
	objectVersion = 56;
	objects = {

/* Begin PBXBuildFile section */
		9B543DD229E042B3001F60D8 /* AppDelegate.swift in Sources */ = {isa = PBXBuildFile; fileRef = 9B543DD129E042B3001F60D8 /* AppDelegate.swift */; };
		9B543DD429E042B3001F60D8 /* SceneDelegate.swift in Sources */ = {isa = PBXBuildFile; fileRef = 9B543DD329E042B3001F60D8 /* SceneDelegate.swift */; };
		9B543DD629E042B3001F60D8 /* UsersListViewController.swift in Sources */ = {isa = PBXBuildFile; fileRef = 9B543DD529E042B3001F60D8 /* UsersListViewController.swift */; };
		9B543DD929E042B3001F60D8 /* Main.storyboard in Resources */ = {isa = PBXBuildFile; fileRef = 9B543DD729E042B3001F60D8 /* Main.storyboard */; };
		9B543DDB29E042B5001F60D8 /* Assets.xcassets in Resources */ = {isa = PBXBuildFile; fileRef = 9B543DDA29E042B5001F60D8 /* Assets.xcassets */; };
		9B543DDE29E042B5001F60D8 /* LaunchScreen.storyboard in Resources */ = {isa = PBXBuildFile; fileRef = 9B543DDC29E042B5001F60D8 /* LaunchScreen.storyboard */; };
		9B543DE629E04453001F60D8 /* UserDetailsViewController.swift in Sources */ = {isa = PBXBuildFile; fileRef = 9B543DE529E04453001F60D8 /* UserDetailsViewController.swift */; };
		9B543DE929E046CA001F60D8 /* UserTVC.swift in Sources */ = {isa = PBXBuildFile; fileRef = 9B543DE829E046CA001F60D8 /* UserTVC.swift */; };
		9B543DEC29E04738001F60D8 /* RepositoryDetailsTVC.swift in Sources */ = {isa = PBXBuildFile; fileRef = 9B543DEB29E04738001F60D8 /* RepositoryDetailsTVC.swift */; };
		9B543DF429E04FD0001F60D8 /* Identifiable.swift in Sources */ = {isa = PBXBuildFile; fileRef = 9B543DF329E04FD0001F60D8 /* Identifiable.swift */; };
		9B543DF729E05452001F60D8 /* RepositoryModel.swift in Sources */ = {isa = PBXBuildFile; fileRef = 9B543DF629E05452001F60D8 /* RepositoryModel.swift */; };
		9B543E0529E05F2E001F60D8 /* Endpoint.swift in Sources */ = {isa = PBXBuildFile; fileRef = 9B543E0429E05F2E001F60D8 /* Endpoint.swift */; };
		9B543E0729E05FCF001F60D8 /* RequestError.swift in Sources */ = {isa = PBXBuildFile; fileRef = 9B543E0629E05FCF001F60D8 /* RequestError.swift */; };
		9B543E0929E0600D001F60D8 /* NetworkClient.swift in Sources */ = {isa = PBXBuildFile; fileRef = 9B543E0829E0600D001F60D8 /* NetworkClient.swift */; };
		9B543E0D29E0614F001F60D8 /* UsersRelatedEndpoints.swift in Sources */ = {isa = PBXBuildFile; fileRef = 9B543E0C29E0614F001F60D8 /* UsersRelatedEndpoints.swift */; };
		9B543E0F29E06232001F60D8 /* RepositoryEndpoint.swift in Sources */ = {isa = PBXBuildFile; fileRef = 9B543E0E29E06232001F60D8 /* RepositoryEndpoint.swift */; };
		9B543E1429E066C1001F60D8 /* RepositoriesService.swift in Sources */ = {isa = PBXBuildFile; fileRef = 9B543E1329E066C1001F60D8 /* RepositoriesService.swift */; };
		9B543E1629E06875001F60D8 /* SearchResultUserModel.swift in Sources */ = {isa = PBXBuildFile; fileRef = 9B543E1529E06875001F60D8 /* SearchResultUserModel.swift */; };
		9B543E1729E07BD9001F60D8 /* UsersRelatedService.swift in Sources */ = {isa = PBXBuildFile; fileRef = 9B543E1129E066B5001F60D8 /* UsersRelatedService.swift */; };
		9B543E1929E080A9001F60D8 /* UsersModel.swift in Sources */ = {isa = PBXBuildFile; fileRef = 9B543E1829E080A9001F60D8 /* UsersModel.swift */; };
		9B543E1B29E14A95001F60D8 /* UIViewController+Alertable.swift in Sources */ = {isa = PBXBuildFile; fileRef = 9B543E1A29E14A95001F60D8 /* UIViewController+Alertable.swift */; };
		9B543E1F29E153A1001F60D8 /* DetailedUserModel.swift in Sources */ = {isa = PBXBuildFile; fileRef = 9B543E1E29E153A1001F60D8 /* DetailedUserModel.swift */; };
		9B543E2129E16D98001F60D8 /* URLSession+ImageLoading.swift in Sources */ = {isa = PBXBuildFile; fileRef = 9B543E2029E16D98001F60D8 /* URLSession+ImageLoading.swift */; };
		9B543E2429E1BD11001F60D8 /* ProfileHeaderView.swift in Sources */ = {isa = PBXBuildFile; fileRef = 9B543E2329E1BD11001F60D8 /* ProfileHeaderView.swift */; };
		9B543E2629E1C094001F60D8 /* CustomDateFormatter.swift in Sources */ = {isa = PBXBuildFile; fileRef = 9B543E2529E1C094001F60D8 /* CustomDateFormatter.swift */; };
		9B543E2929E1E3B8001F60D8 /* URLRequest+Setup.swift in Sources */ = {isa = PBXBuildFile; fileRef = 9B543E2829E1E3B8001F60D8 /* URLRequest+Setup.swift */; };
/* End PBXBuildFile section */

/* Begin PBXFileReference section */
		9B543DCE29E042B3001F60D8 /* GHUsersList.app */ = {isa = PBXFileReference; explicitFileType = wrapper.application; includeInIndex = 0; path = GHUsersList.app; sourceTree = BUILT_PRODUCTS_DIR; };
		9B543DD129E042B3001F60D8 /* AppDelegate.swift */ = {isa = PBXFileReference; lastKnownFileType = sourcecode.swift; path = AppDelegate.swift; sourceTree = "<group>"; };
		9B543DD329E042B3001F60D8 /* SceneDelegate.swift */ = {isa = PBXFileReference; lastKnownFileType = sourcecode.swift; path = SceneDelegate.swift; sourceTree = "<group>"; };
		9B543DD529E042B3001F60D8 /* UsersListViewController.swift */ = {isa = PBXFileReference; lastKnownFileType = sourcecode.swift; path = UsersListViewController.swift; sourceTree = "<group>"; };
		9B543DD829E042B3001F60D8 /* Base */ = {isa = PBXFileReference; lastKnownFileType = file.storyboard; name = Base; path = Base.lproj/Main.storyboard; sourceTree = "<group>"; };
		9B543DDA29E042B5001F60D8 /* Assets.xcassets */ = {isa = PBXFileReference; lastKnownFileType = folder.assetcatalog; name = Assets.xcassets; path = Resources/Assets.xcassets; sourceTree = "<group>"; };
		9B543DDD29E042B5001F60D8 /* Base */ = {isa = PBXFileReference; lastKnownFileType = file.storyboard; name = Base; path = Base.lproj/LaunchScreen.storyboard; sourceTree = "<group>"; };
		9B543DDF29E042B5001F60D8 /* Info.plist */ = {isa = PBXFileReference; lastKnownFileType = text.plist.xml; path = Info.plist; sourceTree = "<group>"; };
		9B543DE529E04453001F60D8 /* UserDetailsViewController.swift */ = {isa = PBXFileReference; lastKnownFileType = sourcecode.swift; path = UserDetailsViewController.swift; sourceTree = "<group>"; };
		9B543DE829E046CA001F60D8 /* UserTVC.swift */ = {isa = PBXFileReference; lastKnownFileType = sourcecode.swift; path = UserTVC.swift; sourceTree = "<group>"; };
		9B543DEB29E04738001F60D8 /* RepositoryDetailsTVC.swift */ = {isa = PBXFileReference; lastKnownFileType = sourcecode.swift; path = RepositoryDetailsTVC.swift; sourceTree = "<group>"; };
		9B543DF329E04FD0001F60D8 /* Identifiable.swift */ = {isa = PBXFileReference; lastKnownFileType = sourcecode.swift; path = Identifiable.swift; sourceTree = "<group>"; };
		9B543DF629E05452001F60D8 /* RepositoryModel.swift */ = {isa = PBXFileReference; lastKnownFileType = sourcecode.swift; path = RepositoryModel.swift; sourceTree = "<group>"; };
		9B543E0429E05F2E001F60D8 /* Endpoint.swift */ = {isa = PBXFileReference; lastKnownFileType = sourcecode.swift; path = Endpoint.swift; sourceTree = "<group>"; };
		9B543E0629E05FCF001F60D8 /* RequestError.swift */ = {isa = PBXFileReference; lastKnownFileType = sourcecode.swift; path = RequestError.swift; sourceTree = "<group>"; };
		9B543E0829E0600D001F60D8 /* NetworkClient.swift */ = {isa = PBXFileReference; lastKnownFileType = sourcecode.swift; path = NetworkClient.swift; sourceTree = "<group>"; };
		9B543E0C29E0614F001F60D8 /* UsersRelatedEndpoints.swift */ = {isa = PBXFileReference; lastKnownFileType = sourcecode.swift; path = UsersRelatedEndpoints.swift; sourceTree = "<group>"; };
		9B543E0E29E06232001F60D8 /* RepositoryEndpoint.swift */ = {isa = PBXFileReference; lastKnownFileType = sourcecode.swift; path = RepositoryEndpoint.swift; sourceTree = "<group>"; };
		9B543E1129E066B5001F60D8 /* UsersRelatedService.swift */ = {isa = PBXFileReference; lastKnownFileType = sourcecode.swift; path = UsersRelatedService.swift; sourceTree = "<group>"; };
		9B543E1329E066C1001F60D8 /* RepositoriesService.swift */ = {isa = PBXFileReference; lastKnownFileType = sourcecode.swift; path = RepositoriesService.swift; sourceTree = "<group>"; };
		9B543E1529E06875001F60D8 /* SearchResultUserModel.swift */ = {isa = PBXFileReference; lastKnownFileType = sourcecode.swift; path = SearchResultUserModel.swift; sourceTree = "<group>"; };
		9B543E1829E080A9001F60D8 /* UsersModel.swift */ = {isa = PBXFileReference; lastKnownFileType = sourcecode.swift; path = UsersModel.swift; sourceTree = "<group>"; };
		9B543E1A29E14A95001F60D8 /* UIViewController+Alertable.swift */ = {isa = PBXFileReference; lastKnownFileType = sourcecode.swift; path = "UIViewController+Alertable.swift"; sourceTree = "<group>"; };
		9B543E1E29E153A1001F60D8 /* DetailedUserModel.swift */ = {isa = PBXFileReference; lastKnownFileType = sourcecode.swift; path = DetailedUserModel.swift; sourceTree = "<group>"; };
		9B543E2029E16D98001F60D8 /* URLSession+ImageLoading.swift */ = {isa = PBXFileReference; lastKnownFileType = sourcecode.swift; path = "URLSession+ImageLoading.swift"; sourceTree = "<group>"; };
		9B543E2329E1BD11001F60D8 /* ProfileHeaderView.swift */ = {isa = PBXFileReference; lastKnownFileType = sourcecode.swift; path = ProfileHeaderView.swift; sourceTree = "<group>"; };
		9B543E2529E1C094001F60D8 /* CustomDateFormatter.swift */ = {isa = PBXFileReference; lastKnownFileType = sourcecode.swift; path = CustomDateFormatter.swift; sourceTree = "<group>"; };
		9B543E2829E1E3B8001F60D8 /* URLRequest+Setup.swift */ = {isa = PBXFileReference; lastKnownFileType = sourcecode.swift; path = "URLRequest+Setup.swift"; sourceTree = "<group>"; };
/* End PBXFileReference section */

/* Begin PBXFrameworksBuildPhase section */
		9B543DCB29E042B3001F60D8 /* Frameworks */ = {
			isa = PBXFrameworksBuildPhase;
			buildActionMask = 2147483647;
			files = (
			);
			runOnlyForDeploymentPostprocessing = 0;
		};
/* End PBXFrameworksBuildPhase section */

/* Begin PBXGroup section */
		9B543DC529E042B3001F60D8 = {
			isa = PBXGroup;
			children = (
				9B543DD029E042B3001F60D8 /* GHUsersList */,
				9B543DCF29E042B3001F60D8 /* Products */,
			);
			sourceTree = "<group>";
		};
		9B543DCF29E042B3001F60D8 /* Products */ = {
			isa = PBXGroup;
			children = (
				9B543DCE29E042B3001F60D8 /* GHUsersList.app */,
			);
			name = Products;
			sourceTree = "<group>";
		};
		9B543DD029E042B3001F60D8 /* GHUsersList */ = {
			isa = PBXGroup;
			children = (
				9B543DD129E042B3001F60D8 /* AppDelegate.swift */,
				9B543DD329E042B3001F60D8 /* SceneDelegate.swift */,
				9B543DF229E04FC1001F60D8 /* Common */,
				9B543DF529E05443001F60D8 /* Models */,
				9B543E0129E05E8F001F60D8 /* Network */,
				9B543DE729E0448F001F60D8 /* Controllers */,
				9B543DF029E04A32001F60D8 /* Storyboards */,
				9B543DDF29E042B5001F60D8 /* Info.plist */,
				9B543DDA29E042B5001F60D8 /* Assets.xcassets */,
			);
			path = GHUsersList;
			sourceTree = "<group>";
		};
		9B543DE729E0448F001F60D8 /* Controllers */ = {
			isa = PBXGroup;
			children = (
				9B543E2229E1BCFA001F60D8 /* Views */,
				9B543DED29E047AB001F60D8 /* List */,
				9B543DEE29E047B5001F60D8 /* UserDetails */,
			);
			path = Controllers;
			sourceTree = "<group>";
		};
		9B543DEA29E046E2001F60D8 /* Cells */ = {
			isa = PBXGroup;
			children = (
				9B543DE829E046CA001F60D8 /* UserTVC.swift */,
			);
			path = Cells;
			sourceTree = "<group>";
		};
		9B543DED29E047AB001F60D8 /* List */ = {
			isa = PBXGroup;
			children = (
				9B543DD529E042B3001F60D8 /* UsersListViewController.swift */,
				9B543DEA29E046E2001F60D8 /* Cells */,
			);
			path = List;
			sourceTree = "<group>";
		};
		9B543DEE29E047B5001F60D8 /* UserDetails */ = {
			isa = PBXGroup;
			children = (
				9B543DE529E04453001F60D8 /* UserDetailsViewController.swift */,
				9B543DEF29E047C4001F60D8 /* Cells */,
			);
			path = UserDetails;
			sourceTree = "<group>";
		};
		9B543DEF29E047C4001F60D8 /* Cells */ = {
			isa = PBXGroup;
			children = (
				9B543DEB29E04738001F60D8 /* RepositoryDetailsTVC.swift */,
			);
			path = Cells;
			sourceTree = "<group>";
		};
		9B543DF029E04A32001F60D8 /* Storyboards */ = {
			isa = PBXGroup;
			children = (
				9B543DD729E042B3001F60D8 /* Main.storyboard */,
				9B543DDC29E042B5001F60D8 /* LaunchScreen.storyboard */,
			);
			path = Storyboards;
			sourceTree = "<group>";
		};
		9B543DF229E04FC1001F60D8 /* Common */ = {
			isa = PBXGroup;
			children = (
				9B543DF329E04FD0001F60D8 /* Identifiable.swift */,
				9B543E1A29E14A95001F60D8 /* UIViewController+Alertable.swift */,
				9B543E2029E16D98001F60D8 /* URLSession+ImageLoading.swift */,
				9B543E2529E1C094001F60D8 /* CustomDateFormatter.swift */,
			);
			path = Common;
			sourceTree = "<group>";
		};
		9B543DF529E05443001F60D8 /* Models */ = {
			isa = PBXGroup;
			children = (
				9B543DF629E05452001F60D8 /* RepositoryModel.swift */,
				9B543E1529E06875001F60D8 /* SearchResultUserModel.swift */,
				9B543E1E29E153A1001F60D8 /* DetailedUserModel.swift */,
				9B543E1829E080A9001F60D8 /* UsersModel.swift */,
			);
			path = Models;
			sourceTree = "<group>";
		};
		9B543E0129E05E8F001F60D8 /* Network */ = {
			isa = PBXGroup;
			children = (
				9B543E0A29E0612B001F60D8 /* Common */,
				9B543E0B29E06139001F60D8 /* Endpoints */,
				9B543E1029E0669F001F60D8 /* Services */,
			);
			path = Network;
			sourceTree = "<group>";
		};
		9B543E0A29E0612B001F60D8 /* Common */ = {
			isa = PBXGroup;
			children = (
				9B543E0429E05F2E001F60D8 /* Endpoint.swift */,
				9B543E0629E05FCF001F60D8 /* RequestError.swift */,
				9B543E0829E0600D001F60D8 /* NetworkClient.swift */,
				9B543E2829E1E3B8001F60D8 /* URLRequest+Setup.swift */,
			);
			path = Common;
			sourceTree = "<group>";
		};
		9B543E0B29E06139001F60D8 /* Endpoints */ = {
			isa = PBXGroup;
			children = (
				9B543E0C29E0614F001F60D8 /* UsersRelatedEndpoints.swift */,
				9B543E0E29E06232001F60D8 /* RepositoryEndpoint.swift */,
			);
			path = Endpoints;
			sourceTree = "<group>";
		};
		9B543E1029E0669F001F60D8 /* Services */ = {
			isa = PBXGroup;
			children = (
				9B543E1129E066B5001F60D8 /* UsersRelatedService.swift */,
				9B543E1329E066C1001F60D8 /* RepositoriesService.swift */,
			);
			path = Services;
			sourceTree = "<group>";
		};
		9B543E2229E1BCFA001F60D8 /* Views */ = {
			isa = PBXGroup;
			children = (
				9B543E2329E1BD11001F60D8 /* ProfileHeaderView.swift */,
			);
			path = Views;
			sourceTree = "<group>";
		};
/* End PBXGroup section */

/* Begin PBXNativeTarget section */
		9B543DCD29E042B3001F60D8 /* GHUsersList */ = {
			isa = PBXNativeTarget;
			buildConfigurationList = 9B543DE229E042B5001F60D8 /* Build configuration list for PBXNativeTarget "GHUsersList" */;
			buildPhases = (
				9B543DCA29E042B3001F60D8 /* Sources */,
				9B543DCB29E042B3001F60D8 /* Frameworks */,
				9B543DCC29E042B3001F60D8 /* Resources */,
			);
			buildRules = (
			);
			dependencies = (
			);
			name = GHUsersList;
			productName = GHUsersList;
			productReference = 9B543DCE29E042B3001F60D8 /* GHUsersList.app */;
			productType = "com.apple.product-type.application";
		};
/* End PBXNativeTarget section */

/* Begin PBXProject section */
		9B543DC629E042B3001F60D8 /* Project object */ = {
			isa = PBXProject;
			attributes = {
				BuildIndependentTargetsInParallel = 1;
				LastSwiftUpdateCheck = 1430;
				LastUpgradeCheck = 1430;
				TargetAttributes = {
					9B543DCD29E042B3001F60D8 = {
						CreatedOnToolsVersion = 14.3;
					};
				};
			};
			buildConfigurationList = 9B543DC929E042B3001F60D8 /* Build configuration list for PBXProject "GHUsersList" */;
			compatibilityVersion = "Xcode 14.0";
			developmentRegion = en;
			hasScannedForEncodings = 0;
			knownRegions = (
				en,
				Base,
			);
			mainGroup = 9B543DC529E042B3001F60D8;
			productRefGroup = 9B543DCF29E042B3001F60D8 /* Products */;
			projectDirPath = "";
			projectRoot = "";
			targets = (
				9B543DCD29E042B3001F60D8 /* GHUsersList */,
			);
		};
/* End PBXProject section */

/* Begin PBXResourcesBuildPhase section */
		9B543DCC29E042B3001F60D8 /* Resources */ = {
			isa = PBXResourcesBuildPhase;
			buildActionMask = 2147483647;
			files = (
				9B543DDE29E042B5001F60D8 /* LaunchScreen.storyboard in Resources */,
				9B543DDB29E042B5001F60D8 /* Assets.xcassets in Resources */,
				9B543DD929E042B3001F60D8 /* Main.storyboard in Resources */,
			);
			runOnlyForDeploymentPostprocessing = 0;
		};
/* End PBXResourcesBuildPhase section */

/* Begin PBXSourcesBuildPhase section */
		9B543DCA29E042B3001F60D8 /* Sources */ = {
			isa = PBXSourcesBuildPhase;
			buildActionMask = 2147483647;
			files = (
				9B543DE929E046CA001F60D8 /* UserTVC.swift in Sources */,
				9B543DF729E05452001F60D8 /* RepositoryModel.swift in Sources */,
				9B543DD629E042B3001F60D8 /* UsersListViewController.swift in Sources */,
				9B543E0729E05FCF001F60D8 /* RequestError.swift in Sources */,
				9B543E2429E1BD11001F60D8 /* ProfileHeaderView.swift in Sources */,
				9B543E1B29E14A95001F60D8 /* UIViewController+Alertable.swift in Sources */,
				9B543E0D29E0614F001F60D8 /* UsersRelatedEndpoints.swift in Sources */,
				9B543E0529E05F2E001F60D8 /* Endpoint.swift in Sources */,
				9B543DEC29E04738001F60D8 /* RepositoryDetailsTVC.swift in Sources */,
				9B543E1429E066C1001F60D8 /* RepositoriesService.swift in Sources */,
				9B543E1F29E153A1001F60D8 /* DetailedUserModel.swift in Sources */,
				9B543E1929E080A9001F60D8 /* UsersModel.swift in Sources */,
				9B543E2929E1E3B8001F60D8 /* URLRequest+Setup.swift in Sources */,
				9B543E1729E07BD9001F60D8 /* UsersRelatedService.swift in Sources */,
				9B543E0F29E06232001F60D8 /* RepositoryEndpoint.swift in Sources */,
				9B543E2129E16D98001F60D8 /* URLSession+ImageLoading.swift in Sources */,
				9B543DD229E042B3001F60D8 /* AppDelegate.swift in Sources */,
				9B543E2629E1C094001F60D8 /* CustomDateFormatter.swift in Sources */,
				9B543DF429E04FD0001F60D8 /* Identifiable.swift in Sources */,
				9B543E1629E06875001F60D8 /* SearchResultUserModel.swift in Sources */,
				9B543DE629E04453001F60D8 /* UserDetailsViewController.swift in Sources */,
				9B543DD429E042B3001F60D8 /* SceneDelegate.swift in Sources */,
				9B543E0929E0600D001F60D8 /* NetworkClient.swift in Sources */,
			);
			runOnlyForDeploymentPostprocessing = 0;
		};
/* End PBXSourcesBuildPhase section */

/* Begin PBXVariantGroup section */
		9B543DD729E042B3001F60D8 /* Main.storyboard */ = {
			isa = PBXVariantGroup;
			children = (
				9B543DD829E042B3001F60D8 /* Base */,
			);
			name = Main.storyboard;
			sourceTree = "<group>";
		};
		9B543DDC29E042B5001F60D8 /* LaunchScreen.storyboard */ = {
			isa = PBXVariantGroup;
			children = (
				9B543DDD29E042B5001F60D8 /* Base */,
			);
			name = LaunchScreen.storyboard;
			sourceTree = "<group>";
		};
/* End PBXVariantGroup section */

/* Begin XCBuildConfiguration section */
		9B543DE029E042B5001F60D8 /* Debug */ = {
			isa = XCBuildConfiguration;
			buildSettings = {
				ALWAYS_SEARCH_USER_PATHS = NO;
				CLANG_ANALYZER_NONNULL = YES;
				CLANG_ANALYZER_NUMBER_OBJECT_CONVERSION = YES_AGGRESSIVE;
				CLANG_CXX_LANGUAGE_STANDARD = "gnu++20";
				CLANG_ENABLE_MODULES = YES;
				CLANG_ENABLE_OBJC_ARC = YES;
				CLANG_ENABLE_OBJC_WEAK = YES;
				CLANG_WARN_BLOCK_CAPTURE_AUTORELEASING = YES;
				CLANG_WARN_BOOL_CONVERSION = YES;
				CLANG_WARN_COMMA = YES;
				CLANG_WARN_CONSTANT_CONVERSION = YES;
				CLANG_WARN_DEPRECATED_OBJC_IMPLEMENTATIONS = YES;
				CLANG_WARN_DIRECT_OBJC_ISA_USAGE = YES_ERROR;
				CLANG_WARN_DOCUMENTATION_COMMENTS = YES;
				CLANG_WARN_EMPTY_BODY = YES;
				CLANG_WARN_ENUM_CONVERSION = YES;
				CLANG_WARN_INFINITE_RECURSION = YES;
				CLANG_WARN_INT_CONVERSION = YES;
				CLANG_WARN_NON_LITERAL_NULL_CONVERSION = YES;
				CLANG_WARN_OBJC_IMPLICIT_RETAIN_SELF = YES;
				CLANG_WARN_OBJC_LITERAL_CONVERSION = YES;
				CLANG_WARN_OBJC_ROOT_CLASS = YES_ERROR;
				CLANG_WARN_QUOTED_INCLUDE_IN_FRAMEWORK_HEADER = YES;
				CLANG_WARN_RANGE_LOOP_ANALYSIS = YES;
				CLANG_WARN_STRICT_PROTOTYPES = YES;
				CLANG_WARN_SUSPICIOUS_MOVE = YES;
				CLANG_WARN_UNGUARDED_AVAILABILITY = YES_AGGRESSIVE;
				CLANG_WARN_UNREACHABLE_CODE = YES;
				CLANG_WARN__DUPLICATE_METHOD_MATCH = YES;
				COPY_PHASE_STRIP = NO;
				DEBUG_INFORMATION_FORMAT = dwarf;
				ENABLE_STRICT_OBJC_MSGSEND = YES;
				ENABLE_TESTABILITY = YES;
				GCC_C_LANGUAGE_STANDARD = gnu11;
				GCC_DYNAMIC_NO_PIC = NO;
				GCC_NO_COMMON_BLOCKS = YES;
				GCC_OPTIMIZATION_LEVEL = 0;
				GCC_PREPROCESSOR_DEFINITIONS = (
					"DEBUG=1",
					"$(inherited)",
				);
				GCC_WARN_64_TO_32_BIT_CONVERSION = YES;
				GCC_WARN_ABOUT_RETURN_TYPE = YES_ERROR;
				GCC_WARN_UNDECLARED_SELECTOR = YES;
				GCC_WARN_UNINITIALIZED_AUTOS = YES_AGGRESSIVE;
				GCC_WARN_UNUSED_FUNCTION = YES;
				GCC_WARN_UNUSED_VARIABLE = YES;
				IPHONEOS_DEPLOYMENT_TARGET = 16.4;
				MTL_ENABLE_DEBUG_INFO = INCLUDE_SOURCE;
				MTL_FAST_MATH = YES;
				ONLY_ACTIVE_ARCH = YES;
				SDKROOT = iphoneos;
				SWIFT_ACTIVE_COMPILATION_CONDITIONS = DEBUG;
				SWIFT_OPTIMIZATION_LEVEL = "-Onone";
			};
			name = Debug;
		};
		9B543DE129E042B5001F60D8 /* Release */ = {
			isa = XCBuildConfiguration;
			buildSettings = {
				ALWAYS_SEARCH_USER_PATHS = NO;
				CLANG_ANALYZER_NONNULL = YES;
				CLANG_ANALYZER_NUMBER_OBJECT_CONVERSION = YES_AGGRESSIVE;
				CLANG_CXX_LANGUAGE_STANDARD = "gnu++20";
				CLANG_ENABLE_MODULES = YES;
				CLANG_ENABLE_OBJC_ARC = YES;
				CLANG_ENABLE_OBJC_WEAK = YES;
				CLANG_WARN_BLOCK_CAPTURE_AUTORELEASING = YES;
				CLANG_WARN_BOOL_CONVERSION = YES;
				CLANG_WARN_COMMA = YES;
				CLANG_WARN_CONSTANT_CONVERSION = YES;
				CLANG_WARN_DEPRECATED_OBJC_IMPLEMENTATIONS = YES;
				CLANG_WARN_DIRECT_OBJC_ISA_USAGE = YES_ERROR;
				CLANG_WARN_DOCUMENTATION_COMMENTS = YES;
				CLANG_WARN_EMPTY_BODY = YES;
				CLANG_WARN_ENUM_CONVERSION = YES;
				CLANG_WARN_INFINITE_RECURSION = YES;
				CLANG_WARN_INT_CONVERSION = YES;
				CLANG_WARN_NON_LITERAL_NULL_CONVERSION = YES;
				CLANG_WARN_OBJC_IMPLICIT_RETAIN_SELF = YES;
				CLANG_WARN_OBJC_LITERAL_CONVERSION = YES;
				CLANG_WARN_OBJC_ROOT_CLASS = YES_ERROR;
				CLANG_WARN_QUOTED_INCLUDE_IN_FRAMEWORK_HEADER = YES;
				CLANG_WARN_RANGE_LOOP_ANALYSIS = YES;
				CLANG_WARN_STRICT_PROTOTYPES = YES;
				CLANG_WARN_SUSPICIOUS_MOVE = YES;
				CLANG_WARN_UNGUARDED_AVAILABILITY = YES_AGGRESSIVE;
				CLANG_WARN_UNREACHABLE_CODE = YES;
				CLANG_WARN__DUPLICATE_METHOD_MATCH = YES;
				COPY_PHASE_STRIP = NO;
				DEBUG_INFORMATION_FORMAT = "dwarf-with-dsym";
				ENABLE_NS_ASSERTIONS = NO;
				ENABLE_STRICT_OBJC_MSGSEND = YES;
				GCC_C_LANGUAGE_STANDARD = gnu11;
				GCC_NO_COMMON_BLOCKS = YES;
				GCC_WARN_64_TO_32_BIT_CONVERSION = YES;
				GCC_WARN_ABOUT_RETURN_TYPE = YES_ERROR;
				GCC_WARN_UNDECLARED_SELECTOR = YES;
				GCC_WARN_UNINITIALIZED_AUTOS = YES_AGGRESSIVE;
				GCC_WARN_UNUSED_FUNCTION = YES;
				GCC_WARN_UNUSED_VARIABLE = YES;
				IPHONEOS_DEPLOYMENT_TARGET = 16.4;
				MTL_ENABLE_DEBUG_INFO = NO;
				MTL_FAST_MATH = YES;
				SDKROOT = iphoneos;
				SWIFT_COMPILATION_MODE = wholemodule;
				SWIFT_OPTIMIZATION_LEVEL = "-O";
				VALIDATE_PRODUCT = YES;
			};
			name = Release;
		};
		9B543DE329E042B5001F60D8 /* Debug */ = {
			isa = XCBuildConfiguration;
			buildSettings = {
				ASSETCATALOG_COMPILER_APPICON_NAME = AppIcon;
				ASSETCATALOG_COMPILER_GLOBAL_ACCENT_COLOR_NAME = AccentColor;
				CODE_SIGN_STYLE = Automatic;
				CURRENT_PROJECT_VERSION = 1;
				DEVELOPMENT_TEAM = 57NTVVM6G2;
				GENERATE_INFOPLIST_FILE = YES;
				INFOPLIST_FILE = GHUsersList/Info.plist;
				INFOPLIST_KEY_CFBundleDisplayName = "GitHub Users Demo";
				INFOPLIST_KEY_LSApplicationCategoryType = "public.app-category.social-networking";
				INFOPLIST_KEY_UIApplicationSupportsIndirectInputEvents = YES;
				INFOPLIST_KEY_UILaunchStoryboardName = LaunchScreen;
				INFOPLIST_KEY_UIMainStoryboardFile = Main;
				INFOPLIST_KEY_UISupportedInterfaceOrientations = UIInterfaceOrientationPortrait;
				INFOPLIST_KEY_UISupportedInterfaceOrientations_iPad = "UIInterfaceOrientationPortrait UIInterfaceOrientationPortraitUpsideDown";
				LD_RUNPATH_SEARCH_PATHS = (
					"$(inherited)",
					"@executable_path/Frameworks",
				);
				MARKETING_VERSION = 1.0;
				PRODUCT_BUNDLE_IDENTIFIER = hellensoloviy.GHUsersList;
				PRODUCT_NAME = "$(TARGET_NAME)";
				SWIFT_EMIT_LOC_STRINGS = YES;
				SWIFT_VERSION = 5.0;
				TARGETED_DEVICE_FAMILY = "1,2";
			};
			name = Debug;
		};
		9B543DE429E042B5001F60D8 /* Release */ = {
			isa = XCBuildConfiguration;
			buildSettings = {
				ASSETCATALOG_COMPILER_APPICON_NAME = AppIcon;
				ASSETCATALOG_COMPILER_GLOBAL_ACCENT_COLOR_NAME = AccentColor;
				CODE_SIGN_STYLE = Automatic;
				CURRENT_PROJECT_VERSION = 1;
				DEVELOPMENT_TEAM = 57NTVVM6G2;
				GENERATE_INFOPLIST_FILE = YES;
				INFOPLIST_FILE = GHUsersList/Info.plist;
				INFOPLIST_KEY_CFBundleDisplayName = "GitHub Users Demo";
				INFOPLIST_KEY_LSApplicationCategoryType = "public.app-category.social-networking";
				INFOPLIST_KEY_UIApplicationSupportsIndirectInputEvents = YES;
				INFOPLIST_KEY_UILaunchStoryboardName = LaunchScreen;
				INFOPLIST_KEY_UIMainStoryboardFile = Main;
				INFOPLIST_KEY_UISupportedInterfaceOrientations = UIInterfaceOrientationPortrait;
				INFOPLIST_KEY_UISupportedInterfaceOrientations_iPad = "UIInterfaceOrientationPortrait UIInterfaceOrientationPortraitUpsideDown";
				LD_RUNPATH_SEARCH_PATHS = (
					"$(inherited)",
					"@executable_path/Frameworks",
				);
				MARKETING_VERSION = 1.0;
				PRODUCT_BUNDLE_IDENTIFIER = hellensoloviy.GHUsersList;
				PRODUCT_NAME = "$(TARGET_NAME)";
				SWIFT_EMIT_LOC_STRINGS = YES;
				SWIFT_VERSION = 5.0;
				TARGETED_DEVICE_FAMILY = "1,2";
			};
			name = Release;
		};
/* End XCBuildConfiguration section */

/* Begin XCConfigurationList section */
		9B543DC929E042B3001F60D8 /* Build configuration list for PBXProject "GHUsersList" */ = {
			isa = XCConfigurationList;
			buildConfigurations = (
				9B543DE029E042B5001F60D8 /* Debug */,
				9B543DE129E042B5001F60D8 /* Release */,
			);
			defaultConfigurationIsVisible = 0;
			defaultConfigurationName = Release;
		};
		9B543DE229E042B5001F60D8 /* Build configuration list for PBXNativeTarget "GHUsersList" */ = {
			isa = XCConfigurationList;
			buildConfigurations = (
				9B543DE329E042B5001F60D8 /* Debug */,
				9B543DE429E042B5001F60D8 /* Release */,
			);
			defaultConfigurationIsVisible = 0;
			defaultConfigurationName = Release;
		};
/* End XCConfigurationList section */
	};
	rootObject = 9B543DC629E042B3001F60D8 /* Project object */;
}
